
Microsoft Visual Studio Solution File, Format Version 12.00
# Visual Studio 15
VisualStudioVersion = 15.0.27428.2005
MinimumVisualStudioVersion = 10.0.40219.1
Project("{FAE04EC0-301F-11D3-BF4B-00C04F79EFBC}") = "HiQo.StaffManagement.Web", "HiQo.StaffManagement.Web\HiQo.StaffManagement.Web.csproj", "{BCE85FD0-92C5-49C6-84D7-0F55729578D6}"
EndProject
Project("{FAE04EC0-301F-11D3-BF4B-00C04F79EFBC}") = "HiQo.StaffManagement.Web.Core", "HiQo.StaffManagement.Web.Core\HiQo.StaffManagement.Web.Core.csproj", "{5BD56F33-D0ED-4F83-A93D-704AB3FB276A}"
EndProject
Project("{FAE04EC0-301F-11D3-BF4B-00C04F79EFBC}") = "HiQo.StaffManagement.Configuration", "HiQo.StaffManagement.Configuration\HiQo.StaffManagement.Configuration.csproj", "{29A586E7-0BAE-49F8-9B81-BDAB1854A0B2}"
EndProject
Project("{FAE04EC0-301F-11D3-BF4B-00C04F79EFBC}") = "HiQo.StaffManagement.DAL", "HiQo.StaffManagement.DAL\HiQo.StaffManagement.DAL.csproj", "{FC81F4CA-6CDA-45F0-8334-B4A0A766BB40}"
EndProject
Project("{FAE04EC0-301F-11D3-BF4B-00C04F79EFBC}") = "HiQo.StaffManagement.Domain", "HiQo.StaffManagement.Domain\HiQo.StaffManagement.Domain.csproj", "{701D8DAC-4851-4CE9-95DB-89D2FF776286}"
EndProject
Global
	GlobalSection(SolutionConfigurationPlatforms) = preSolution
		Debug|Any CPU = Debug|Any CPU
		Release|Any CPU = Release|Any CPU
	EndGlobalSection
	GlobalSection(ProjectConfigurationPlatforms) = postSolution
		{BCE85FD0-92C5-49C6-84D7-0F55729578D6}.Debug|Any CPU.ActiveCfg = Debug|Any CPU
		{BCE85FD0-92C5-49C6-84D7-0F55729578D6}.Debug|Any CPU.Build.0 = Debug|Any CPU
		{BCE85FD0-92C5-49C6-84D7-0F55729578D6}.Release|Any CPU.ActiveCfg = Release|Any CPU
		{BCE85FD0-92C5-49C6-84D7-0F55729578D6}.Release|Any CPU.Build.0 = Release|Any CPU
		{5BD56F33-D0ED-4F83-A93D-704AB3FB276A}.Debug|Any CPU.ActiveCfg = Debug|Any CPU
		{5BD56F33-D0ED-4F83-A93D-704AB3FB276A}.Debug|Any CPU.Build.0 = Debug|Any CPU
		{5BD56F33-D0ED-4F83-A93D-704AB3FB276A}.Release|Any CPU.ActiveCfg = Release|Any CPU
		{5BD56F33-D0ED-4F83-A93D-704AB3FB276A}.Release|Any CPU.Build.0 = Release|Any CPU
		{29A586E7-0BAE-49F8-9B81-BDAB1854A0B2}.Debug|Any CPU.ActiveCfg = Debug|Any CPU
		{29A586E7-0BAE-49F8-9B81-BDAB1854A0B2}.Debug|Any CPU.Build.0 = Debug|Any CPU
		{29A586E7-0BAE-49F8-9B81-BDAB1854A0B2}.Release|Any CPU.ActiveCfg = Release|Any CPU
		{29A586E7-0BAE-49F8-9B81-BDAB1854A0B2}.Release|Any CPU.Build.0 = Release|Any CPU
		{FC81F4CA-6CDA-45F0-8334-B4A0A766BB40}.Debug|Any CPU.ActiveCfg = Debug|Any CPU
		{FC81F4CA-6CDA-45F0-8334-B4A0A766BB40}.Debug|Any CPU.Build.0 = Debug|Any CPU
		{FC81F4CA-6CDA-45F0-8334-B4A0A766BB40}.Release|Any CPU.ActiveCfg = Release|Any CPU
		{FC81F4CA-6CDA-45F0-8334-B4A0A766BB40}.Release|Any CPU.Build.0 = Release|Any CPU
		{701D8DAC-4851-4CE9-95DB-89D2FF776286}.Debug|Any CPU.ActiveCfg = Debug|Any CPU
		{701D8DAC-4851-4CE9-95DB-89D2FF776286}.Debug|Any CPU.Build.0 = Debug|Any CPU
		{701D8DAC-4851-4CE9-95DB-89D2FF776286}.Release|Any CPU.ActiveCfg = Release|Any CPU
		{701D8DAC-4851-4CE9-95DB-89D2FF776286}.Release|Any CPU.Build.0 = Release|Any CPU
	EndGlobalSection
	GlobalSection(SolutionProperties) = preSolution
		HideSolutionNode = FALSE
	EndGlobalSection
	GlobalSection(ExtensibilityGlobals) = postSolution
		SolutionGuid = {B3F1FED1-7E3B-4045-B478-40DB55CC673A}
	EndGlobalSection
EndGlobal
